// !$*UTF8*$!
{
	archiveVersion = 1;
	classes = {
	};
	objectVersion = 46;
	objects = {

/* Begin PBXBuildFile section */
		AE74D47413C0F29200FD8E11 /* UIKit.framework in Frameworks */ = {isa = PBXBuildFile; fileRef = AE74D47313C0F29200FD8E11 /* UIKit.framework */; };
		AE74D47613C0F29200FD8E11 /* Foundation.framework in Frameworks */ = {isa = PBXBuildFile; fileRef = AE74D47513C0F29200FD8E11 /* Foundation.framework */; };
		AE74D47813C0F29200FD8E11 /* CoreGraphics.framework in Frameworks */ = {isa = PBXBuildFile; fileRef = AE74D47713C0F29200FD8E11 /* CoreGraphics.framework */; };
		AE74D47E13C0F29200FD8E11 /* InfoPlist.strings in Resources */ = {isa = PBXBuildFile; fileRef = AE74D47C13C0F29200FD8E11 /* InfoPlist.strings */; };
		AE74D48013C0F29200FD8E11 /* main.m in Sources */ = {isa = PBXBuildFile; fileRef = AE74D47F13C0F29200FD8E11 /* main.m */; };
		AE74D48413C0F29200FD8E11 /* iObserve_sbAppDelegate.m in Sources */ = {isa = PBXBuildFile; fileRef = AE74D48313C0F29200FD8E11 /* iObserve_sbAppDelegate.m */; };
		AE74D48713C0F29200FD8E11 /* MainStoryboard.storyboard in Resources */ = {isa = PBXBuildFile; fileRef = AE74D48513C0F29200FD8E11 /* MainStoryboard.storyboard */; };
		AE74D48913C0F29200FD8E11 /* iObserve_sbViewController.h in Resources */ = {isa = PBXBuildFile; fileRef = AE74D48813C0F29200FD8E11 /* iObserve_sbViewController.h */; };
		AE74D48B13C0F29200FD8E11 /* iObserve_sbViewController.m in Sources */ = {isa = PBXBuildFile; fileRef = AE74D48A13C0F29200FD8E11 /* iObserve_sbViewController.m */; };
		AEAC916813C1F29800C5F6BD /* ReportsViewController.m in Sources */ = {isa = PBXBuildFile; fileRef = AEAC916613C1F29700C5F6BD /* ReportsViewController.m */; };
		AEAC916913C1F29800C5F6BD /* ReportsViewController.xib in Resources */ = {isa = PBXBuildFile; fileRef = AEAC916713C1F29700C5F6BD /* ReportsViewController.xib */; };
/* End PBXBuildFile section */

/* Begin PBXFileReference section */
		AE74D46F13C0F29200FD8E11 /* iObserve-sb.app */ = {isa = PBXFileReference; explicitFileType = wrapper.application; includeInIndex = 0; path = "iObserve-sb.app"; sourceTree = BUILT_PRODUCTS_DIR; };
		AE74D47313C0F29200FD8E11 /* UIKit.framework */ = {isa = PBXFileReference; lastKnownFileType = wrapper.framework; name = UIKit.framework; path = System/Library/Frameworks/UIKit.framework; sourceTree = SDKROOT; };
		AE74D47513C0F29200FD8E11 /* Foundation.framework */ = {isa = PBXFileReference; lastKnownFileType = wrapper.framework; name = Foundation.framework; path = System/Library/Frameworks/Foundation.framework; sourceTree = SDKROOT; };
		AE74D47713C0F29200FD8E11 /* CoreGraphics.framework */ = {isa = PBXFileReference; lastKnownFileType = wrapper.framework; name = CoreGraphics.framework; path = System/Library/Frameworks/CoreGraphics.framework; sourceTree = SDKROOT; };
		AE74D47B13C0F29200FD8E11 /* iObserve-sb-Info.plist */ = {isa = PBXFileReference; lastKnownFileType = text.plist.xml; path = "iObserve-sb-Info.plist"; sourceTree = "<group>"; };
		AE74D47D13C0F29200FD8E11 /* en */ = {isa = PBXFileReference; lastKnownFileType = text.plist.strings; name = en; path = en.lproj/InfoPlist.strings; sourceTree = "<group>"; };
		AE74D47F13C0F29200FD8E11 /* main.m */ = {isa = PBXFileReference; lastKnownFileType = sourcecode.c.objc; path = main.m; sourceTree = "<group>"; };
		AE74D48113C0F29200FD8E11 /* iObserve-sb-Prefix.pch */ = {isa = PBXFileReference; lastKnownFileType = sourcecode.c.h; path = "iObserve-sb-Prefix.pch"; sourceTree = "<group>"; };
		AE74D48213C0F29200FD8E11 /* iObserve_sbAppDelegate.h */ = {isa = PBXFileReference; lastKnownFileType = sourcecode.c.h; path = iObserve_sbAppDelegate.h; sourceTree = "<group>"; };
		AE74D48313C0F29200FD8E11 /* iObserve_sbAppDelegate.m */ = {isa = PBXFileReference; lastKnownFileType = sourcecode.c.objc; path = iObserve_sbAppDelegate.m; sourceTree = "<group>"; };
		AE74D48613C0F29200FD8E11 /* en */ = {isa = PBXFileReference; lastKnownFileType = file.storyboard; name = en; path = en.lproj/MainStoryboard.storyboard; sourceTree = "<group>"; };
		AE74D48813C0F29200FD8E11 /* iObserve_sbViewController.h */ = {isa = PBXFileReference; lastKnownFileType = sourcecode.c.h; path = iObserve_sbViewController.h; sourceTree = "<group>"; };
		AE74D48A13C0F29200FD8E11 /* iObserve_sbViewController.m */ = {isa = PBXFileReference; lastKnownFileType = sourcecode.c.objc; path = iObserve_sbViewController.m; sourceTree = "<group>"; };
		AEAC916513C1F29700C5F6BD /* ReportsViewController.h */ = {isa = PBXFileReference; fileEncoding = 4; lastKnownFileType = sourcecode.c.h; path = ReportsViewController.h; sourceTree = "<group>"; };
		AEAC916613C1F29700C5F6BD /* ReportsViewController.m */ = {isa = PBXFileReference; fileEncoding = 4; lastKnownFileType = sourcecode.c.objc; path = ReportsViewController.m; sourceTree = "<group>"; };
		AEAC916713C1F29700C5F6BD /* ReportsViewController.xib */ = {isa = PBXFileReference; fileEncoding = 4; lastKnownFileType = file.xib; path = ReportsViewController.xib; sourceTree = "<group>"; };
/* End PBXFileReference section */

/* Begin PBXFrameworksBuildPhase section */
		AE74D46C13C0F29200FD8E11 /* Frameworks */ = {
			isa = PBXFrameworksBuildPhase;
			buildActionMask = 2147483647;
			files = (
				AE74D47413C0F29200FD8E11 /* UIKit.framework in Frameworks */,
				AE74D47613C0F29200FD8E11 /* Foundation.framework in Frameworks */,
				AE74D47813C0F29200FD8E11 /* CoreGraphics.framework in Frameworks */,
			);
			runOnlyForDeploymentPostprocessing = 0;
		};
/* End PBXFrameworksBuildPhase section */

/* Begin PBXGroup section */
		AE74D46413C0F29100FD8E11 = {
			isa = PBXGroup;
			children = (
				AE74D47913C0F29200FD8E11 /* iObserve-sb */,
				AE74D47213C0F29200FD8E11 /* Frameworks */,
				AE74D47013C0F29200FD8E11 /* Products */,
			);
			sourceTree = "<group>";
		};
		AE74D47013C0F29200FD8E11 /* Products */ = {
			isa = PBXGroup;
			children = (
				AE74D46F13C0F29200FD8E11 /* iObserve-sb.app */,
			);
			name = Products;
			sourceTree = "<group>";
		};
		AE74D47213C0F29200FD8E11 /* Frameworks */ = {
			isa = PBXGroup;
			children = (
				AE74D47313C0F29200FD8E11 /* UIKit.framework */,
				AE74D47513C0F29200FD8E11 /* Foundation.framework */,
				AE74D47713C0F29200FD8E11 /* CoreGraphics.framework */,
			);
			name = Frameworks;
			sourceTree = "<group>";
		};
		AE74D47913C0F29200FD8E11 /* iObserve-sb */ = {
			isa = PBXGroup;
			children = (
				AE74D48213C0F29200FD8E11 /* iObserve_sbAppDelegate.h */,
				AE74D48313C0F29200FD8E11 /* iObserve_sbAppDelegate.m */,
				AE74D48513C0F29200FD8E11 /* MainStoryboard.storyboard */,
				AEAC916513C1F29700C5F6BD /* ReportsViewController.h */,
				AEAC916613C1F29700C5F6BD /* ReportsViewController.m */,
				AEAC916713C1F29700C5F6BD /* ReportsViewController.xib */,
				AE74D48813C0F29200FD8E11 /* iObserve_sbViewController.h */,
				AE74D48A13C0F29200FD8E11 /* iObserve_sbViewController.m */,
				AE74D47A13C0F29200FD8E11 /* Supporting Files */,
			);
			path = "iObserve-sb";
			sourceTree = "<group>";
		};
		AE74D47A13C0F29200FD8E11 /* Supporting Files */ = {
			isa = PBXGroup;
			children = (
				AE74D47B13C0F29200FD8E11 /* iObserve-sb-Info.plist */,
				AE74D47C13C0F29200FD8E11 /* InfoPlist.strings */,
				AE74D47F13C0F29200FD8E11 /* main.m */,
				AE74D48113C0F29200FD8E11 /* iObserve-sb-Prefix.pch */,
			);
			name = "Supporting Files";
			sourceTree = "<group>";
		};
/* End PBXGroup section */

/* Begin PBXNativeTarget section */
		AE74D46E13C0F29200FD8E11 /* iObserve-sb */ = {
			isa = PBXNativeTarget;
			buildConfigurationList = AE74D48E13C0F29200FD8E11 /* Build configuration list for PBXNativeTarget "iObserve-sb" */;
			buildPhases = (
				AE74D46B13C0F29200FD8E11 /* Sources */,
				AE74D46C13C0F29200FD8E11 /* Frameworks */,
				AE74D46D13C0F29200FD8E11 /* Resources */,
			);
			buildRules = (
			);
			dependencies = (
			);
			name = "iObserve-sb";
			productName = "iObserve-sb";
			productReference = AE74D46F13C0F29200FD8E11 /* iObserve-sb.app */;
			productType = "com.apple.product-type.application";
		};
/* End PBXNativeTarget section */

/* Begin PBXProject section */
		AE74D46613C0F29100FD8E11 /* Project object */ = {
			isa = PBXProject;
			attributes = {
				ORGANIZATIONNAME = .t;
			};
			buildConfigurationList = AE74D46913C0F29100FD8E11 /* Build configuration list for PBXProject "iObserve-sb" */;
			compatibilityVersion = "Xcode 3.2";
			developmentRegion = English;
			hasScannedForEncodings = 0;
			knownRegions = (
				en,
			);
			mainGroup = AE74D46413C0F29100FD8E11;
			productRefGroup = AE74D47013C0F29200FD8E11 /* Products */;
			projectDirPath = "";
			projectRoot = "";
			targets = (
				AE74D46E13C0F29200FD8E11 /* iObserve-sb */,
			);
		};
/* End PBXProject section */

/* Begin PBXResourcesBuildPhase section */
		AE74D46D13C0F29200FD8E11 /* Resources */ = {
			isa = PBXResourcesBuildPhase;
			buildActionMask = 2147483647;
			files = (
				AE74D47E13C0F29200FD8E11 /* InfoPlist.strings in Resources */,
				AE74D48713C0F29200FD8E11 /* MainStoryboard.storyboard in Resources */,
				AE74D48913C0F29200FD8E11 /* iObserve_sbViewController.h in Resources */,
				AEAC916913C1F29800C5F6BD /* ReportsViewController.xib in Resources */,
			);
			runOnlyForDeploymentPostprocessing = 0;
		};
/* End PBXResourcesBuildPhase section */

/* Begin PBXSourcesBuildPhase section */
		AE74D46B13C0F29200FD8E11 /* Sources */ = {
			isa = PBXSourcesBuildPhase;
			buildActionMask = 2147483647;
			files = (
				AE74D48013C0F29200FD8E11 /* main.m in Sources */,
				AE74D48413C0F29200FD8E11 /* iObserve_sbAppDelegate.m in Sources */,
				AE74D48B13C0F29200FD8E11 /* iObserve_sbViewController.m in Sources */,
				AEAC916813C1F29800C5F6BD /* ReportsViewController.m in Sources */,
			);
			runOnlyForDeploymentPostprocessing = 0;
		};
/* End PBXSourcesBuildPhase section */

/* Begin PBXVariantGroup section */
		AE74D47C13C0F29200FD8E11 /* InfoPlist.strings */ = {
			isa = PBXVariantGroup;
			children = (
				AE74D47D13C0F29200FD8E11 /* en */,
			);
			name = InfoPlist.strings;
			sourceTree = "<group>";
		};
		AE74D48513C0F29200FD8E11 /* MainStoryboard.storyboard */ = {
			isa = PBXVariantGroup;
			children = (
				AE74D48613C0F29200FD8E11 /* en */,
			);
			name = MainStoryboard.storyboard;
			sourceTree = "<group>";
		};
/* End PBXVariantGroup section */

/* Begin XCBuildConfiguration section */
		AE74D48C13C0F29200FD8E11 /* Debug */ = {
			isa = XCBuildConfiguration;
			buildSettings = {
				ALWAYS_SEARCH_USER_PATHS = NO;
				ARCHS = "$(ARCHS_STANDARD_32_BIT)";
				CLANG_ENABLE_OBJC_ARC = YES;
				"CODE_SIGN_IDENTITY[sdk=iphoneos*]" = "iPhone Developer";
				COPY_PHASE_STRIP = NO;
				GCC_C_LANGUAGE_STANDARD = gnu99;
				GCC_DYNAMIC_NO_PIC = NO;
				GCC_OPTIMIZATION_LEVEL = 0;
				GCC_PREPROCESSOR_DEFINITIONS = (
					"DEBUG=1",
					"$(inherited)",
				);
				GCC_SYMBOLS_PRIVATE_EXTERN = NO;
				GCC_VERSION = com.apple.compilers.llvm.clang.1_0;
				GCC_WARN_ABOUT_MISSING_PROTOTYPES = YES;
				GCC_WARN_ABOUT_RETURN_TYPE = YES;
				GCC_WARN_UNUSED_VARIABLE = YES;
				IPHONEOS_DEPLOYMENT_TARGET = 5.0;
				SDKROOT = iphoneos;
				TARGETED_DEVICE_FAMILY = 2;
			};
			name = Debug;
		};
		AE74D48D13C0F29200FD8E11 /* Release */ = {
			isa = XCBuildConfiguration;
			buildSettings = {
				ALWAYS_SEARCH_USER_PATHS = NO;
				ARCHS = "$(ARCHS_STANDARD_32_BIT)";
				CLANG_ENABLE_OBJC_ARC = YES;
				"CODE_SIGN_IDENTITY[sdk=iphoneos*]" = "iPhone Developer";
				COPY_PHASE_STRIP = YES;
				GCC_C_LANGUAGE_STANDARD = gnu99;
				GCC_VERSION = com.apple.compilers.llvm.clang.1_0;
				GCC_WARN_ABOUT_MISSING_PROTOTYPES = YES;
				GCC_WARN_ABOUT_RETURN_TYPE = YES;
				GCC_WARN_UNUSED_VARIABLE = YES;
				IPHONEOS_DEPLOYMENT_TARGET = 5.0;
				OTHER_CFLAGS = "-DNS_BLOCK_ASSERTIONS=1";
				SDKROOT = iphoneos;
				TARGETED_DEVICE_FAMILY = 2;
				VALIDATE_PRODUCT = YES;
			};
			name = Release;
		};
		AE74D48F13C0F29200FD8E11 /* Debug */ = {
			isa = XCBuildConfiguration;
			buildSettings = {
				GCC_PRECOMPILE_PREFIX_HEADER = YES;
				GCC_PREFIX_HEADER = "iObserve-sb/iObserve-sb-Prefix.pch";
				INFOPLIST_FILE = "iObserve-sb/iObserve-sb-Info.plist";
				PRODUCT_NAME = "$(TARGET_NAME)";
				WRAPPER_EXTENSION = app;
			};
			name = Debug;
		};
		AE74D49013C0F29200FD8E11 /* Release */ = {
			isa = XCBuildConfiguration;
			buildSettings = {
				GCC_PRECOMPILE_PREFIX_HEADER = YES;
				GCC_PREFIX_HEADER = "iObserve-sb/iObserve-sb-Prefix.pch";
				INFOPLIST_FILE = "iObserve-sb/iObserve-sb-Info.plist";
				PRODUCT_NAME = "$(TARGET_NAME)";
				WRAPPER_EXTENSION = app;
			};
			name = Release;
		};
/* End XCBuildConfiguration section */

/* Begin XCConfigurationList section */
		AE74D46913C0F29100FD8E11 /* Build configuration list for PBXProject "iObserve-sb" */ = {
			isa = XCConfigurationList;
			buildConfigurations = (
				AE74D48C13C0F29200FD8E11 /* Debug */,
				AE74D48D13C0F29200FD8E11 /* Release */,
			);
			defaultConfigurationIsVisible = 0;
			defaultConfigurationName = Release;
		};
		AE74D48E13C0F29200FD8E11 /* Build configuration list for PBXNativeTarget "iObserve-sb" */ = {
			isa = XCConfigurationList;
			buildConfigurations = (
				AE74D48F13C0F29200FD8E11 /* Debug */,
				AE74D49013C0F29200FD8E11 /* Release */,
			);
			defaultConfigurationIsVisible = 0;
			defaultConfigurationName = Release;
		};
/* End XCConfigurationList section */
	};
	rootObject = AE74D46613C0F29100FD8E11 /* Project object */;
}
