// !$*UTF8*$!
{
	archiveVersion = 1;
	classes = {
	};
	objectVersion = 46;
	objects = {

/* Begin PBXBuildFile section */
		AE1AEFA113C30F7B0054456B /* ReportsTableController.m in Sources */ = {isa = PBXBuildFile; fileRef = AE1AEFA013C30F7B0054456B /* ReportsTableController.m */; };
		AE1AEFAD13C339580054456B /* ReportsTableViewCell.m in Sources */ = {isa = PBXBuildFile; fileRef = AE1AEFAC13C339580054456B /* ReportsTableViewCell.m */; };
		AE53ECCB13C461B600EE8104 /* glass_numbers_1.png in Resources */ = {isa = PBXBuildFile; fileRef = AE53ECC813C461B600EE8104 /* glass_numbers_1.png */; };
		AE53ECCC13C461B600EE8104 /* glass_numbers_2.png in Resources */ = {isa = PBXBuildFile; fileRef = AE53ECC913C461B600EE8104 /* glass_numbers_2.png */; };
		AE53ECCD13C461B600EE8104 /* glass_numbers_3.png in Resources */ = {isa = PBXBuildFile; fileRef = AE53ECCA13C461B600EE8104 /* glass_numbers_3.png */; };
		AE53ECD013C461C500EE8104 /* room-map-mod.png in Resources */ = {isa = PBXBuildFile; fileRef = AE53ECCF13C461C500EE8104 /* room-map-mod.png */; };
		AE53ECD213C4642D00EE8104 /* glass_numbers_4.png in Resources */ = {isa = PBXBuildFile; fileRef = AE53ECD113C4642D00EE8104 /* glass_numbers_4.png */; };
		AE53ECD513C4772B00EE8104 /* ReportDetailTextCellView.m in Sources */ = {isa = PBXBuildFile; fileRef = AE53ECD413C4772B00EE8104 /* ReportDetailTextCellView.m */; };
		AE74D47413C0F29200FD8E11 /* UIKit.framework in Frameworks */ = {isa = PBXBuildFile; fileRef = AE74D47313C0F29200FD8E11 /* UIKit.framework */; };
		AE74D47613C0F29200FD8E11 /* Foundation.framework in Frameworks */ = {isa = PBXBuildFile; fileRef = AE74D47513C0F29200FD8E11 /* Foundation.framework */; };
		AE74D47813C0F29200FD8E11 /* CoreGraphics.framework in Frameworks */ = {isa = PBXBuildFile; fileRef = AE74D47713C0F29200FD8E11 /* CoreGraphics.framework */; };
		AE74D47E13C0F29200FD8E11 /* InfoPlist.strings in Resources */ = {isa = PBXBuildFile; fileRef = AE74D47C13C0F29200FD8E11 /* InfoPlist.strings */; };
		AE74D48013C0F29200FD8E11 /* main.m in Sources */ = {isa = PBXBuildFile; fileRef = AE74D47F13C0F29200FD8E11 /* main.m */; };
		AE74D48413C0F29200FD8E11 /* iObserve_sbAppDelegate.m in Sources */ = {isa = PBXBuildFile; fileRef = AE74D48313C0F29200FD8E11 /* iObserve_sbAppDelegate.m */; };
		AE74D48713C0F29200FD8E11 /* MainStoryboard.storyboard in Resources */ = {isa = PBXBuildFile; fileRef = AE74D48513C0F29200FD8E11 /* MainStoryboard.storyboard */; };
		AE74D48913C0F29200FD8E11 /* iObserve_sbViewController.h in Resources */ = {isa = PBXBuildFile; fileRef = AE74D48813C0F29200FD8E11 /* iObserve_sbViewController.h */; };
		AE74D48B13C0F29200FD8E11 /* iObserve_sbViewController.m in Sources */ = {isa = PBXBuildFile; fileRef = AE74D48A13C0F29200FD8E11 /* iObserve_sbViewController.m */; };
		AE7D2B7813C49DF200594BC3 /* DrawImageView.m in Sources */ = {isa = PBXBuildFile; fileRef = AE7D2B7713C49DF200594BC3 /* DrawImageView.m */; };
		AEC7820013C1F9640041FE77 /* room-map.png in Resources */ = {isa = PBXBuildFile; fileRef = AEC781FF13C1F9640041FE77 /* room-map.png */; };
		AEE2E0F413C4533100ECEACC /* ReportDetailsViewController.m in Sources */ = {isa = PBXBuildFile; fileRef = AEE2E0F313C4533100ECEACC /* ReportDetailsViewController.m */; };
/* End PBXBuildFile section */

/* Begin PBXFileReference section */
		AE1AEF9F13C30F7B0054456B /* ReportsTableController.h */ = {isa = PBXFileReference; fileEncoding = 4; lastKnownFileType = sourcecode.c.h; path = ReportsTableController.h; sourceTree = "<group>"; };
		AE1AEFA013C30F7B0054456B /* ReportsTableController.m */ = {isa = PBXFileReference; fileEncoding = 4; lastKnownFileType = sourcecode.c.objc; path = ReportsTableController.m; sourceTree = "<group>"; };
		AE1AEFAB13C339580054456B /* ReportsTableViewCell.h */ = {isa = PBXFileReference; fileEncoding = 4; lastKnownFileType = sourcecode.c.h; path = ReportsTableViewCell.h; sourceTree = "<group>"; };
		AE1AEFAC13C339580054456B /* ReportsTableViewCell.m */ = {isa = PBXFileReference; fileEncoding = 4; lastKnownFileType = sourcecode.c.objc; path = ReportsTableViewCell.m; sourceTree = "<group>"; };
		AE53ECC813C461B600EE8104 /* glass_numbers_1.png */ = {isa = PBXFileReference; lastKnownFileType = image.png; path = glass_numbers_1.png; sourceTree = "<group>"; };
		AE53ECC913C461B600EE8104 /* glass_numbers_2.png */ = {isa = PBXFileReference; lastKnownFileType = image.png; path = glass_numbers_2.png; sourceTree = "<group>"; };
		AE53ECCA13C461B600EE8104 /* glass_numbers_3.png */ = {isa = PBXFileReference; lastKnownFileType = image.png; path = glass_numbers_3.png; sourceTree = "<group>"; };
		AE53ECCF13C461C500EE8104 /* room-map-mod.png */ = {isa = PBXFileReference; lastKnownFileType = image.png; path = "room-map-mod.png"; sourceTree = "<group>"; };
		AE53ECD113C4642D00EE8104 /* glass_numbers_4.png */ = {isa = PBXFileReference; lastKnownFileType = image.png; path = glass_numbers_4.png; sourceTree = "<group>"; };
		AE53ECD313C4772B00EE8104 /* ReportDetailTextCellView.h */ = {isa = PBXFileReference; fileEncoding = 4; lastKnownFileType = sourcecode.c.h; path = ReportDetailTextCellView.h; sourceTree = "<group>"; };
		AE53ECD413C4772B00EE8104 /* ReportDetailTextCellView.m */ = {isa = PBXFileReference; fileEncoding = 4; lastKnownFileType = sourcecode.c.objc; path = ReportDetailTextCellView.m; sourceTree = "<group>"; };
		AE74D46F13C0F29200FD8E11 /* iObserve-sb.app */ = {isa = PBXFileReference; explicitFileType = wrapper.application; includeInIndex = 0; path = "iObserve-sb.app"; sourceTree = BUILT_PRODUCTS_DIR; };
		AE74D47313C0F29200FD8E11 /* UIKit.framework */ = {isa = PBXFileReference; lastKnownFileType = wrapper.framework; name = UIKit.framework; path = System/Library/Frameworks/UIKit.framework; sourceTree = SDKROOT; };
		AE74D47513C0F29200FD8E11 /* Foundation.framework */ = {isa = PBXFileReference; lastKnownFileType = wrapper.framework; name = Foundation.framework; path = System/Library/Frameworks/Foundation.framework; sourceTree = SDKROOT; };
		AE74D47713C0F29200FD8E11 /* CoreGraphics.framework */ = {isa = PBXFileReference; lastKnownFileType = wrapper.framework; name = CoreGraphics.framework; path = System/Library/Frameworks/CoreGraphics.framework; sourceTree = SDKROOT; };
		AE74D47B13C0F29200FD8E11 /* iObserve-sb-Info.plist */ = {isa = PBXFileReference; lastKnownFileType = text.plist.xml; path = "iObserve-sb-Info.plist"; sourceTree = "<group>"; };
		AE74D47D13C0F29200FD8E11 /* en */ = {isa = PBXFileReference; lastKnownFileType = text.plist.strings; name = en; path = en.lproj/InfoPlist.strings; sourceTree = "<group>"; };
		AE74D47F13C0F29200FD8E11 /* main.m */ = {isa = PBXFileReference; lastKnownFileType = sourcecode.c.objc; path = main.m; sourceTree = "<group>"; };
		AE74D48113C0F29200FD8E11 /* iObserve-sb-Prefix.pch */ = {isa = PBXFileReference; lastKnownFileType = sourcecode.c.h; path = "iObserve-sb-Prefix.pch"; sourceTree = "<group>"; };
		AE74D48213C0F29200FD8E11 /* iObserve_sbAppDelegate.h */ = {isa = PBXFileReference; lastKnownFileType = sourcecode.c.h; path = iObserve_sbAppDelegate.h; sourceTree = "<group>"; };
		AE74D48313C0F29200FD8E11 /* iObserve_sbAppDelegate.m */ = {isa = PBXFileReference; lastKnownFileType = sourcecode.c.objc; path = iObserve_sbAppDelegate.m; sourceTree = "<group>"; };
		AE74D48613C0F29200FD8E11 /* en */ = {isa = PBXFileReference; lastKnownFileType = file.storyboard; name = en; path = en.lproj/MainStoryboard.storyboard; sourceTree = "<group>"; };
		AE74D48813C0F29200FD8E11 /* iObserve_sbViewController.h */ = {isa = PBXFileReference; lastKnownFileType = sourcecode.c.h; path = iObserve_sbViewController.h; sourceTree = "<group>"; };
		AE74D48A13C0F29200FD8E11 /* iObserve_sbViewController.m */ = {isa = PBXFileReference; lastKnownFileType = sourcecode.c.objc; path = iObserve_sbViewController.m; sourceTree = "<group>"; };
		AE7D2B7613C49DF200594BC3 /* DrawImageView.h */ = {isa = PBXFileReference; fileEncoding = 4; lastKnownFileType = sourcecode.c.h; path = DrawImageView.h; sourceTree = "<group>"; };
		AE7D2B7713C49DF200594BC3 /* DrawImageView.m */ = {isa = PBXFileReference; fileEncoding = 4; lastKnownFileType = sourcecode.c.objc; path = DrawImageView.m; sourceTree = "<group>"; };
		AEC781FF13C1F9640041FE77 /* room-map.png */ = {isa = PBXFileReference; lastKnownFileType = image.png; path = "room-map.png"; sourceTree = "<group>"; };
		AEE2E0F213C4533100ECEACC /* ReportDetailsViewController.h */ = {isa = PBXFileReference; fileEncoding = 4; lastKnownFileType = sourcecode.c.h; path = ReportDetailsViewController.h; sourceTree = "<group>"; };
		AEE2E0F313C4533100ECEACC /* ReportDetailsViewController.m */ = {isa = PBXFileReference; fileEncoding = 4; lastKnownFileType = sourcecode.c.objc; path = ReportDetailsViewController.m; sourceTree = "<group>"; };
/* End PBXFileReference section */

/* Begin PBXFrameworksBuildPhase section */
		AE74D46C13C0F29200FD8E11 /* Frameworks */ = {
			isa = PBXFrameworksBuildPhase;
			buildActionMask = 2147483647;
			files = (
				AE74D47413C0F29200FD8E11 /* UIKit.framework in Frameworks */,
				AE74D47613C0F29200FD8E11 /* Foundation.framework in Frameworks */,
				AE74D47813C0F29200FD8E11 /* CoreGraphics.framework in Frameworks */,
			);
			runOnlyForDeploymentPostprocessing = 0;
		};
/* End PBXFrameworksBuildPhase section */

/* Begin PBXGroup section */
		AE1AEFAA13C339130054456B /* report */ = {
			isa = PBXGroup;
			children = (
				AEE2E0F213C4533100ECEACC /* ReportDetailsViewController.h */,
				AEE2E0F313C4533100ECEACC /* ReportDetailsViewController.m */,
				AE1AEF9F13C30F7B0054456B /* ReportsTableController.h */,
				AE1AEFA013C30F7B0054456B /* ReportsTableController.m */,
				AE1AEFAB13C339580054456B /* ReportsTableViewCell.h */,
				AE1AEFAC13C339580054456B /* ReportsTableViewCell.m */,
				AE53ECD313C4772B00EE8104 /* ReportDetailTextCellView.h */,
				AE53ECD413C4772B00EE8104 /* ReportDetailTextCellView.m */,
			);
			name = report;
			sourceTree = "<group>";
		};
		AE74D46413C0F29100FD8E11 = {
			isa = PBXGroup;
			children = (
				AE74D47913C0F29200FD8E11 /* iObserve-sb */,
				AE74D47213C0F29200FD8E11 /* Frameworks */,
				AE74D47013C0F29200FD8E11 /* Products */,
			);
			sourceTree = "<group>";
		};
		AE74D47013C0F29200FD8E11 /* Products */ = {
			isa = PBXGroup;
			children = (
				AE74D46F13C0F29200FD8E11 /* iObserve-sb.app */,
			);
			name = Products;
			sourceTree = "<group>";
		};
		AE74D47213C0F29200FD8E11 /* Frameworks */ = {
			isa = PBXGroup;
			children = (
				AE74D47313C0F29200FD8E11 /* UIKit.framework */,
				AE74D47513C0F29200FD8E11 /* Foundation.framework */,
				AE74D47713C0F29200FD8E11 /* CoreGraphics.framework */,
			);
			name = Frameworks;
			sourceTree = "<group>";
		};
		AE74D47913C0F29200FD8E11 /* iObserve-sb */ = {
			isa = PBXGroup;
			children = (
				AE1AEFAA13C339130054456B /* report */,
				AE74D48213C0F29200FD8E11 /* iObserve_sbAppDelegate.h */,
				AE74D48313C0F29200FD8E11 /* iObserve_sbAppDelegate.m */,
				AE74D48513C0F29200FD8E11 /* MainStoryboard.storyboard */,
				AE7D2B7613C49DF200594BC3 /* DrawImageView.h */,
				AE7D2B7713C49DF200594BC3 /* DrawImageView.m */,
				AE74D48813C0F29200FD8E11 /* iObserve_sbViewController.h */,
				AE74D48A13C0F29200FD8E11 /* iObserve_sbViewController.m */,
				AE74D47A13C0F29200FD8E11 /* Supporting Files */,
			);
			path = "iObserve-sb";
			sourceTree = "<group>";
		};
		AE74D47A13C0F29200FD8E11 /* Supporting Files */ = {
			isa = PBXGroup;
			children = (
				AEC781FD13C1F93C0041FE77 /* resources */,
				AE74D47B13C0F29200FD8E11 /* iObserve-sb-Info.plist */,
				AE74D47C13C0F29200FD8E11 /* InfoPlist.strings */,
				AE74D47F13C0F29200FD8E11 /* main.m */,
				AE74D48113C0F29200FD8E11 /* iObserve-sb-Prefix.pch */,
			);
			name = "Supporting Files";
			sourceTree = "<group>";
		};
		AEC781FD13C1F93C0041FE77 /* resources */ = {
			isa = PBXGroup;
			children = (
				AE53ECCF13C461C500EE8104 /* room-map-mod.png */,
				AE53ECC813C461B600EE8104 /* glass_numbers_1.png */,
				AE53ECC913C461B600EE8104 /* glass_numbers_2.png */,
				AE53ECCA13C461B600EE8104 /* glass_numbers_3.png */,
				AE53ECD113C4642D00EE8104 /* glass_numbers_4.png */,
				AEC781FF13C1F9640041FE77 /* room-map.png */,
			);
			name = resources;
			sourceTree = "<group>";
		};
/* End PBXGroup section */

/* Begin PBXNativeTarget section */
		AE74D46E13C0F29200FD8E11 /* iObserve-sb */ = {
			isa = PBXNativeTarget;
			buildConfigurationList = AE74D48E13C0F29200FD8E11 /* Build configuration list for PBXNativeTarget "iObserve-sb" */;
			buildPhases = (
				AE74D46B13C0F29200FD8E11 /* Sources */,
				AE74D46C13C0F29200FD8E11 /* Frameworks */,
				AE74D46D13C0F29200FD8E11 /* Resources */,
			);
			buildRules = (
			);
			dependencies = (
			);
			name = "iObserve-sb";
			productName = "iObserve-sb";
			productReference = AE74D46F13C0F29200FD8E11 /* iObserve-sb.app */;
			productType = "com.apple.product-type.application";
		};
/* End PBXNativeTarget section */

/* Begin PBXProject section */
		AE74D46613C0F29100FD8E11 /* Project object */ = {
			isa = PBXProject;
			attributes = {
				ORGANIZATIONNAME = .t;
			};
			buildConfigurationList = AE74D46913C0F29100FD8E11 /* Build configuration list for PBXProject "iObserve-sb" */;
			compatibilityVersion = "Xcode 3.2";
			developmentRegion = English;
			hasScannedForEncodings = 0;
			knownRegions = (
				en,
			);
			mainGroup = AE74D46413C0F29100FD8E11;
			productRefGroup = AE74D47013C0F29200FD8E11 /* Products */;
			projectDirPath = "";
			projectRoot = "";
			targets = (
				AE74D46E13C0F29200FD8E11 /* iObserve-sb */,
			);
		};
/* End PBXProject section */

/* Begin PBXResourcesBuildPhase section */
		AE74D46D13C0F29200FD8E11 /* Resources */ = {
			isa = PBXResourcesBuildPhase;
			buildActionMask = 2147483647;
			files = (
				AE74D47E13C0F29200FD8E11 /* InfoPlist.strings in Resources */,
				AE74D48713C0F29200FD8E11 /* MainStoryboard.storyboard in Resources */,
				AE74D48913C0F29200FD8E11 /* iObserve_sbViewController.h in Resources */,
				AEC7820013C1F9640041FE77 /* room-map.png in Resources */,
				AE53ECCB13C461B600EE8104 /* glass_numbers_1.png in Resources */,
				AE53ECCC13C461B600EE8104 /* glass_numbers_2.png in Resources */,
				AE53ECCD13C461B600EE8104 /* glass_numbers_3.png in Resources */,
				AE53ECD013C461C500EE8104 /* room-map-mod.png in Resources */,
				AE53ECD213C4642D00EE8104 /* glass_numbers_4.png in Resources */,
			);
			runOnlyForDeploymentPostprocessing = 0;
		};
/* End PBXResourcesBuildPhase section */

/* Begin PBXSourcesBuildPhase section */
		AE74D46B13C0F29200FD8E11 /* Sources */ = {
			isa = PBXSourcesBuildPhase;
			buildActionMask = 2147483647;
			files = (
				AE74D48013C0F29200FD8E11 /* main.m in Sources */,
				AE74D48413C0F29200FD8E11 /* iObserve_sbAppDelegate.m in Sources */,
				AE74D48B13C0F29200FD8E11 /* iObserve_sbViewController.m in Sources */,
				AE1AEFA113C30F7B0054456B /* ReportsTableController.m in Sources */,
				AE1AEFAD13C339580054456B /* ReportsTableViewCell.m in Sources */,
				AEE2E0F413C4533100ECEACC /* ReportDetailsViewController.m in Sources */,
				AE53ECD513C4772B00EE8104 /* ReportDetailTextCellView.m in Sources */,
				AE7D2B7813C49DF200594BC3 /* DrawImageView.m in Sources */,
			);
			runOnlyForDeploymentPostprocessing = 0;
		};
/* End PBXSourcesBuildPhase section */

/* Begin PBXVariantGroup section */
		AE74D47C13C0F29200FD8E11 /* InfoPlist.strings */ = {
			isa = PBXVariantGroup;
			children = (
				AE74D47D13C0F29200FD8E11 /* en */,
			);
			name = InfoPlist.strings;
			sourceTree = "<group>";
		};
		AE74D48513C0F29200FD8E11 /* MainStoryboard.storyboard */ = {
			isa = PBXVariantGroup;
			children = (
				AE74D48613C0F29200FD8E11 /* en */,
			);
			name = MainStoryboard.storyboard;
			sourceTree = "<group>";
		};
/* End PBXVariantGroup section */

/* Begin XCBuildConfiguration section */
		AE74D48C13C0F29200FD8E11 /* Debug */ = {
			isa = XCBuildConfiguration;
			buildSettings = {
				ALWAYS_SEARCH_USER_PATHS = NO;
				ARCHS = "$(ARCHS_STANDARD_32_BIT)";
				CLANG_ENABLE_OBJC_ARC = YES;
				"CODE_SIGN_IDENTITY[sdk=iphoneos*]" = "iPhone Developer";
				COPY_PHASE_STRIP = NO;
				GCC_C_LANGUAGE_STANDARD = gnu99;
				GCC_DYNAMIC_NO_PIC = NO;
				GCC_OPTIMIZATION_LEVEL = 0;
				GCC_PREPROCESSOR_DEFINITIONS = (
					"DEBUG=1",
					"$(inherited)",
				);
				GCC_SYMBOLS_PRIVATE_EXTERN = NO;
				GCC_VERSION = com.apple.compilers.llvm.clang.1_0;
				GCC_WARN_ABOUT_MISSING_PROTOTYPES = YES;
				GCC_WARN_ABOUT_RETURN_TYPE = YES;
				GCC_WARN_UNUSED_VARIABLE = YES;
				IPHONEOS_DEPLOYMENT_TARGET = 5.0;
				SDKROOT = iphoneos;
				TARGETED_DEVICE_FAMILY = 2;
			};
			name = Debug;
		};
		AE74D48D13C0F29200FD8E11 /* Release */ = {
			isa = XCBuildConfiguration;
			buildSettings = {
				ALWAYS_SEARCH_USER_PATHS = NO;
				ARCHS = "$(ARCHS_STANDARD_32_BIT)";
				CLANG_ENABLE_OBJC_ARC = YES;
				"CODE_SIGN_IDENTITY[sdk=iphoneos*]" = "iPhone Developer";
				COPY_PHASE_STRIP = YES;
				GCC_C_LANGUAGE_STANDARD = gnu99;
				GCC_VERSION = com.apple.compilers.llvm.clang.1_0;
				GCC_WARN_ABOUT_MISSING_PROTOTYPES = YES;
				GCC_WARN_ABOUT_RETURN_TYPE = YES;
				GCC_WARN_UNUSED_VARIABLE = YES;
				IPHONEOS_DEPLOYMENT_TARGET = 5.0;
				OTHER_CFLAGS = "-DNS_BLOCK_ASSERTIONS=1";
				SDKROOT = iphoneos;
				TARGETED_DEVICE_FAMILY = 2;
				VALIDATE_PRODUCT = YES;
			};
			name = Release;
		};
		AE74D48F13C0F29200FD8E11 /* Debug */ = {
			isa = XCBuildConfiguration;
			buildSettings = {
				GCC_PRECOMPILE_PREFIX_HEADER = YES;
				GCC_PREFIX_HEADER = "iObserve-sb/iObserve-sb-Prefix.pch";
				INFOPLIST_FILE = "iObserve-sb/iObserve-sb-Info.plist";
				PRODUCT_NAME = "$(TARGET_NAME)";
				WRAPPER_EXTENSION = app;
			};
			name = Debug;
		};
		AE74D49013C0F29200FD8E11 /* Release */ = {
			isa = XCBuildConfiguration;
			buildSettings = {
				GCC_PRECOMPILE_PREFIX_HEADER = YES;
				GCC_PREFIX_HEADER = "iObserve-sb/iObserve-sb-Prefix.pch";
				INFOPLIST_FILE = "iObserve-sb/iObserve-sb-Info.plist";
				PRODUCT_NAME = "$(TARGET_NAME)";
				WRAPPER_EXTENSION = app;
			};
			name = Release;
		};
/* End XCBuildConfiguration section */

/* Begin XCConfigurationList section */
		AE74D46913C0F29100FD8E11 /* Build configuration list for PBXProject "iObserve-sb" */ = {
			isa = XCConfigurationList;
			buildConfigurations = (
				AE74D48C13C0F29200FD8E11 /* Debug */,
				AE74D48D13C0F29200FD8E11 /* Release */,
			);
			defaultConfigurationIsVisible = 0;
			defaultConfigurationName = Release;
		};
		AE74D48E13C0F29200FD8E11 /* Build configuration list for PBXNativeTarget "iObserve-sb" */ = {
			isa = XCConfigurationList;
			buildConfigurations = (
				AE74D48F13C0F29200FD8E11 /* Debug */,
				AE74D49013C0F29200FD8E11 /* Release */,
			);
			defaultConfigurationIsVisible = 0;
			defaultConfigurationName = Release;
		};
/* End XCConfigurationList section */
	};
	rootObject = AE74D46613C0F29100FD8E11 /* Project object */;
}
