// !$*UTF8*$!
{
	archiveVersion = 1;
	classes = {
	};
	objectVersion = 46;
	objects = {

/* Begin PBXBuildFile section */
		3201088596B4756681693705 /* libThree20UICommon.a in Frameworks */ = {isa = PBXBuildFile; fileRef = 3201088596B4756681693704 /* libThree20UICommon.a */; };
		320A2827FEC940B25BC42C65 /* libThree20Core.a in Frameworks */ = {isa = PBXBuildFile; fileRef = 320A2827FEC940B25BC42C64 /* libThree20Core.a */; };
		320A5A189C235877202780D5 /* libThree20Network.a in Frameworks */ = {isa = PBXBuildFile; fileRef = 320A5A189C235877202780D4 /* libThree20Network.a */; };
		320A737074758E53BA54BE95 /* libThree20UINavigator.a in Frameworks */ = {isa = PBXBuildFile; fileRef = 320A737074758E53BA54BE94 /* libThree20UINavigator.a */; };
		320AF8492C47A4D819F7C451 /* QuartzCore.framework in Frameworks */ = {isa = PBXBuildFile; fileRef = 320AF8492C47A4D819F7C450 /* QuartzCore.framework */; };
		320B6C86F11D9990244A9731 /* Three20.bundle in Resources */ = {isa = PBXBuildFile; fileRef = 320B6C86F11D9990244A9730 /* Three20.bundle */; };
		320CC833B8AF0ACFD35E6225 /* libThree20Style.a in Frameworks */ = {isa = PBXBuildFile; fileRef = 320CC833B8AF0ACFD35E6224 /* libThree20Style.a */; };
		320D7DCCE32703ACAB9A45E5 /* libThree20.a in Frameworks */ = {isa = PBXBuildFile; fileRef = 320D7DCCE32703ACAB9A45E4 /* libThree20.a */; };
		320F2C48872C2E2C4DF86205 /* libThree20UI.a in Frameworks */ = {isa = PBXBuildFile; fileRef = 320F2C48872C2E2C4DF86204 /* libThree20UI.a */; };
		AE1E3C74135E256D00C9643A /* TransparentToolbar.m in Sources */ = {isa = PBXBuildFile; fileRef = AE1E3C73135E256D00C9643A /* TransparentToolbar.m */; };
		AE70E519135DB3F900C05955 /* RootViewController.m in Sources */ = {isa = PBXBuildFile; fileRef = AE70E518135DB3F900C05955 /* RootViewController.m */; };
		AE70E51C135DB52000C05955 /* ImageTest1Controller.m in Sources */ = {isa = PBXBuildFile; fileRef = AE70E51B135DB52000C05955 /* ImageTest1Controller.m */; };
		AEEEE29C135C6B70000C880A /* UIKit.framework in Frameworks */ = {isa = PBXBuildFile; fileRef = AEEEE29B135C6B70000C880A /* UIKit.framework */; };
		AEEEE29E135C6B70000C880A /* Foundation.framework in Frameworks */ = {isa = PBXBuildFile; fileRef = AEEEE29D135C6B70000C880A /* Foundation.framework */; };
		AEEEE2A0135C6B70000C880A /* CoreGraphics.framework in Frameworks */ = {isa = PBXBuildFile; fileRef = AEEEE29F135C6B70000C880A /* CoreGraphics.framework */; };
		AEEEE2A2135C6B70000C880A /* CoreData.framework in Frameworks */ = {isa = PBXBuildFile; fileRef = AEEEE2A1135C6B70000C880A /* CoreData.framework */; };
		AEEEE2A8135C6B70000C880A /* InfoPlist.strings in Resources */ = {isa = PBXBuildFile; fileRef = AEEEE2A6135C6B70000C880A /* InfoPlist.strings */; };
		AEEEE2AB135C6B70000C880A /* main.m in Sources */ = {isa = PBXBuildFile; fileRef = AEEEE2AA135C6B70000C880A /* main.m */; };
		AEEEE2AE135C6B70000C880A /* iObserveAppDelegate.m in Sources */ = {isa = PBXBuildFile; fileRef = AEEEE2AD135C6B70000C880A /* iObserveAppDelegate.m */; };
		AEEEE2B1135C6B70000C880A /* MainWindow.xib in Resources */ = {isa = PBXBuildFile; fileRef = AEEEE2AF135C6B70000C880A /* MainWindow.xib */; };
		AEEEE2B4135C6B70000C880A /* iObserve.xcdatamodeld in Sources */ = {isa = PBXBuildFile; fileRef = AEEEE2B2135C6B70000C880A /* iObserve.xcdatamodeld */; };
		AEEEE2BB135C6B71000C880A /* UIKit.framework in Frameworks */ = {isa = PBXBuildFile; fileRef = AEEEE29B135C6B70000C880A /* UIKit.framework */; };
		AEEEE2BC135C6B71000C880A /* Foundation.framework in Frameworks */ = {isa = PBXBuildFile; fileRef = AEEEE29D135C6B70000C880A /* Foundation.framework */; };
		AEEEE2BD135C6B71000C880A /* CoreGraphics.framework in Frameworks */ = {isa = PBXBuildFile; fileRef = AEEEE29F135C6B70000C880A /* CoreGraphics.framework */; };
		AEEEE2BE135C6B71000C880A /* CoreData.framework in Frameworks */ = {isa = PBXBuildFile; fileRef = AEEEE2A1135C6B70000C880A /* CoreData.framework */; };
		AEEEE2C6135C6B71000C880A /* InfoPlist.strings in Resources */ = {isa = PBXBuildFile; fileRef = AEEEE2C4135C6B71000C880A /* InfoPlist.strings */; };
		AEEEE2C9135C6B71000C880A /* iObserveTests.h in Resources */ = {isa = PBXBuildFile; fileRef = AEEEE2C8135C6B71000C880A /* iObserveTests.h */; };
		AEEEE2CB135C6B71000C880A /* iObserveTests.m in Sources */ = {isa = PBXBuildFile; fileRef = AEEEE2CA135C6B71000C880A /* iObserveTests.m */; };
/* End PBXBuildFile section */

/* Begin PBXContainerItemProxy section */
		3201088596B4756681693702 /* PBXContainerItemProxy */ = {
			isa = PBXContainerItemProxy;
			containerPortal = 3201088596B4756681693700 /* Three20UICommon.xcodeproj */;
			proxyType = 1;
			remoteGlobalIDString = BEF31F390F352DF5000DE5D2;
			remoteInfo = Three20UICommon;
		};
		3201088596B4756681693706 /* PBXContainerItemProxy */ = {
			isa = PBXContainerItemProxy;
			containerPortal = 3201088596B4756681693700 /* Three20UICommon.xcodeproj */;
			proxyType = 2;
			remoteGlobalIDString = BEF31F3A0F352DF5000DE5D2;
			remoteInfo = Three20UICommon;
		};
		320A2827FEC940B25BC42C62 /* PBXContainerItemProxy */ = {
			isa = PBXContainerItemProxy;
			containerPortal = 320A2827FEC940B25BC42C60 /* Three20Core.xcodeproj */;
			proxyType = 1;
			remoteGlobalIDString = BEF31F390F352DF5000DE5D2;
			remoteInfo = Three20Core;
		};
		320A2827FEC940B25BC42C66 /* PBXContainerItemProxy */ = {
			isa = PBXContainerItemProxy;
			containerPortal = 320A2827FEC940B25BC42C60 /* Three20Core.xcodeproj */;
			proxyType = 2;
			remoteGlobalIDString = BEF31F3A0F352DF5000DE5D2;
			remoteInfo = Three20Core;
		};
		320A5A189C235877202780D2 /* PBXContainerItemProxy */ = {
			isa = PBXContainerItemProxy;
			containerPortal = 320A5A189C235877202780D0 /* Three20Network.xcodeproj */;
			proxyType = 1;
			remoteGlobalIDString = BEF31F390F352DF5000DE5D2;
			remoteInfo = Three20Network;
		};
		320A5A189C235877202780D6 /* PBXContainerItemProxy */ = {
			isa = PBXContainerItemProxy;
			containerPortal = 320A5A189C235877202780D0 /* Three20Network.xcodeproj */;
			proxyType = 2;
			remoteGlobalIDString = BEF31F3A0F352DF5000DE5D2;
			remoteInfo = Three20Network;
		};
		320A737074758E53BA54BE92 /* PBXContainerItemProxy */ = {
			isa = PBXContainerItemProxy;
			containerPortal = 320A737074758E53BA54BE90 /* Three20UINavigator.xcodeproj */;
			proxyType = 1;
			remoteGlobalIDString = BEF31F390F352DF5000DE5D2;
			remoteInfo = Three20UINavigator;
		};
		320A737074758E53BA54BE96 /* PBXContainerItemProxy */ = {
			isa = PBXContainerItemProxy;
			containerPortal = 320A737074758E53BA54BE90 /* Three20UINavigator.xcodeproj */;
			proxyType = 2;
			remoteGlobalIDString = BEF31F3A0F352DF5000DE5D2;
			remoteInfo = Three20UINavigator;
		};
		320CC833B8AF0ACFD35E6222 /* PBXContainerItemProxy */ = {
			isa = PBXContainerItemProxy;
			containerPortal = 320CC833B8AF0ACFD35E6220 /* Three20Style.xcodeproj */;
			proxyType = 1;
			remoteGlobalIDString = BEF31F390F352DF5000DE5D2;
			remoteInfo = Three20Style;
		};
		320CC833B8AF0ACFD35E6226 /* PBXContainerItemProxy */ = {
			isa = PBXContainerItemProxy;
			containerPortal = 320CC833B8AF0ACFD35E6220 /* Three20Style.xcodeproj */;
			proxyType = 2;
			remoteGlobalIDString = BEF31F3A0F352DF5000DE5D2;
			remoteInfo = Three20Style;
		};
		320D7DCCE32703ACAB9A45E2 /* PBXContainerItemProxy */ = {
			isa = PBXContainerItemProxy;
			containerPortal = 320D7DCCE32703ACAB9A45E0 /* Three20.xcodeproj */;
			proxyType = 1;
			remoteGlobalIDString = BEF31F390F352DF5000DE5D2;
			remoteInfo = Three20;
		};
		320D7DCCE32703ACAB9A45E6 /* PBXContainerItemProxy */ = {
			isa = PBXContainerItemProxy;
			containerPortal = 320D7DCCE32703ACAB9A45E0 /* Three20.xcodeproj */;
			proxyType = 2;
			remoteGlobalIDString = BEF31F3A0F352DF5000DE5D2;
			remoteInfo = Three20;
		};
		320F2C48872C2E2C4DF86202 /* PBXContainerItemProxy */ = {
			isa = PBXContainerItemProxy;
			containerPortal = 320F2C48872C2E2C4DF86200 /* Three20UI.xcodeproj */;
			proxyType = 1;
			remoteGlobalIDString = BEF31F390F352DF5000DE5D2;
			remoteInfo = Three20UI;
		};
		320F2C48872C2E2C4DF86206 /* PBXContainerItemProxy */ = {
			isa = PBXContainerItemProxy;
			containerPortal = 320F2C48872C2E2C4DF86200 /* Three20UI.xcodeproj */;
			proxyType = 2;
			remoteGlobalIDString = BEF31F3A0F352DF5000DE5D2;
			remoteInfo = Three20UI;
		};
		AEEEE2BF135C6B71000C880A /* PBXContainerItemProxy */ = {
			isa = PBXContainerItemProxy;
			containerPortal = AEEEE28E135C6B70000C880A /* Project object */;
			proxyType = 1;
			remoteGlobalIDString = AEEEE296135C6B70000C880A;
			remoteInfo = iObserve;
		};
		AEEEE306135C6C99000C880A /* PBXContainerItemProxy */ = {
			isa = PBXContainerItemProxy;
			containerPortal = 320D7DCCE32703ACAB9A45E0 /* Three20.xcodeproj */;
			proxyType = 2;
			remoteGlobalIDString = EB9E6C6210B6A8F800DE563C;
			remoteInfo = Three20UnitTests;
		};
		AEEEE309135C6C99000C880A /* PBXContainerItemProxy */ = {
			isa = PBXContainerItemProxy;
			containerPortal = 320A2827FEC940B25BC42C60 /* Three20Core.xcodeproj */;
			proxyType = 2;
			remoteGlobalIDString = EB9E6C6210B6A8F800DE563C;
			remoteInfo = Three20CoreUnitTests;
		};
		AEEEE30C135C6C99000C880A /* PBXContainerItemProxy */ = {
			isa = PBXContainerItemProxy;
			containerPortal = 320A5A189C235877202780D0 /* Three20Network.xcodeproj */;
			proxyType = 2;
			remoteGlobalIDString = EB9E6C6210B6A8F800DE563C;
			remoteInfo = Three20NetworkUnitTests;
		};
		AEEEE30F135C6C99000C880A /* PBXContainerItemProxy */ = {
			isa = PBXContainerItemProxy;
			containerPortal = 320CC833B8AF0ACFD35E6220 /* Three20Style.xcodeproj */;
			proxyType = 2;
			remoteGlobalIDString = EB9E6C6210B6A8F800DE563C;
			remoteInfo = Three20StyleUnitTests;
		};
		AEEEE312135C6C99000C880A /* PBXContainerItemProxy */ = {
			isa = PBXContainerItemProxy;
			containerPortal = 320F2C48872C2E2C4DF86200 /* Three20UI.xcodeproj */;
			proxyType = 2;
			remoteGlobalIDString = EB9E6C6210B6A8F800DE563C;
			remoteInfo = Three20UIUnitTests;
		};
		AEEEE315135C6C99000C880A /* PBXContainerItemProxy */ = {
			isa = PBXContainerItemProxy;
			containerPortal = 3201088596B4756681693700 /* Three20UICommon.xcodeproj */;
			proxyType = 2;
			remoteGlobalIDString = EB9E6C6210B6A8F800DE563C;
			remoteInfo = Three20UICommonUnitTests;
		};
		AEEEE318135C6C99000C880A /* PBXContainerItemProxy */ = {
			isa = PBXContainerItemProxy;
			containerPortal = 320A737074758E53BA54BE90 /* Three20UINavigator.xcodeproj */;
			proxyType = 2;
			remoteGlobalIDString = EB9E6C6210B6A8F800DE563C;
			remoteInfo = Three20UINavigatorUnitTests;
		};
/* End PBXContainerItemProxy section */

/* Begin PBXFileReference section */
		3201088596B4756681693700 /* Three20UICommon.xcodeproj */ = {isa = PBXFileReference; lastKnownFileType = "wrapper.pb-project"; name = Three20UICommon.xcodeproj; path = ../three20/src/Three20UICommon/Three20UICommon.xcodeproj; sourceTree = SOURCE_ROOT; };
		320A2827FEC940B25BC42C60 /* Three20Core.xcodeproj */ = {isa = PBXFileReference; lastKnownFileType = "wrapper.pb-project"; name = Three20Core.xcodeproj; path = ../three20/src/Three20Core/Three20Core.xcodeproj; sourceTree = SOURCE_ROOT; };
		320A5A189C235877202780D0 /* Three20Network.xcodeproj */ = {isa = PBXFileReference; lastKnownFileType = "wrapper.pb-project"; name = Three20Network.xcodeproj; path = ../three20/src/Three20Network/Three20Network.xcodeproj; sourceTree = SOURCE_ROOT; };
		320A737074758E53BA54BE90 /* Three20UINavigator.xcodeproj */ = {isa = PBXFileReference; lastKnownFileType = "wrapper.pb-project"; name = Three20UINavigator.xcodeproj; path = ../three20/src/Three20UINavigator/Three20UINavigator.xcodeproj; sourceTree = SOURCE_ROOT; };
		320AF8492C47A4D819F7C450 /* QuartzCore.framework */ = {isa = PBXFileReference; lastKnownFileType = wrapper.framework; name = QuartzCore.framework; path = System/Library/Frameworks/QuartzCore.framework; sourceTree = SDKROOT; };
		320B6C86F11D9990244A9730 /* Three20.bundle */ = {isa = PBXFileReference; lastKnownFileType = "wrapper.plug-in"; name = Three20.bundle; path = ../three20/src/Three20.bundle; sourceTree = SOURCE_ROOT; };
		320CC833B8AF0ACFD35E6220 /* Three20Style.xcodeproj */ = {isa = PBXFileReference; lastKnownFileType = "wrapper.pb-project"; name = Three20Style.xcodeproj; path = ../three20/src/Three20Style/Three20Style.xcodeproj; sourceTree = SOURCE_ROOT; };
		320D7DCCE32703ACAB9A45E0 /* Three20.xcodeproj */ = {isa = PBXFileReference; lastKnownFileType = "wrapper.pb-project"; name = Three20.xcodeproj; path = ../three20/src/Three20/Three20.xcodeproj; sourceTree = SOURCE_ROOT; };
		320F2C48872C2E2C4DF86200 /* Three20UI.xcodeproj */ = {isa = PBXFileReference; lastKnownFileType = "wrapper.pb-project"; name = Three20UI.xcodeproj; path = ../three20/src/Three20UI/Three20UI.xcodeproj; sourceTree = SOURCE_ROOT; };
		AE1E3C72135E256D00C9643A /* TransparentToolbar.h */ = {isa = PBXFileReference; fileEncoding = 4; lastKnownFileType = sourcecode.c.h; path = TransparentToolbar.h; sourceTree = "<group>"; };
		AE1E3C73135E256D00C9643A /* TransparentToolbar.m */ = {isa = PBXFileReference; fileEncoding = 4; lastKnownFileType = sourcecode.c.objc; path = TransparentToolbar.m; sourceTree = "<group>"; };
		AE70E517135DB3F900C05955 /* RootViewController.h */ = {isa = PBXFileReference; fileEncoding = 4; lastKnownFileType = sourcecode.c.h; path = RootViewController.h; sourceTree = "<group>"; };
		AE70E518135DB3F900C05955 /* RootViewController.m */ = {isa = PBXFileReference; fileEncoding = 4; lastKnownFileType = sourcecode.c.objc; path = RootViewController.m; sourceTree = "<group>"; };
		AE70E51A135DB52000C05955 /* ImageTest1Controller.h */ = {isa = PBXFileReference; fileEncoding = 4; lastKnownFileType = sourcecode.c.h; path = ImageTest1Controller.h; sourceTree = "<group>"; };
		AE70E51B135DB52000C05955 /* ImageTest1Controller.m */ = {isa = PBXFileReference; fileEncoding = 4; lastKnownFileType = sourcecode.c.objc; path = ImageTest1Controller.m; sourceTree = "<group>"; };
		AEEEE297135C6B70000C880A /* iObserve.app */ = {isa = PBXFileReference; explicitFileType = wrapper.application; includeInIndex = 0; path = iObserve.app; sourceTree = BUILT_PRODUCTS_DIR; };
		AEEEE29B135C6B70000C880A /* UIKit.framework */ = {isa = PBXFileReference; lastKnownFileType = wrapper.framework; name = UIKit.framework; path = System/Library/Frameworks/UIKit.framework; sourceTree = SDKROOT; };
		AEEEE29D135C6B70000C880A /* Foundation.framework */ = {isa = PBXFileReference; lastKnownFileType = wrapper.framework; name = Foundation.framework; path = System/Library/Frameworks/Foundation.framework; sourceTree = SDKROOT; };
		AEEEE29F135C6B70000C880A /* CoreGraphics.framework */ = {isa = PBXFileReference; lastKnownFileType = wrapper.framework; name = CoreGraphics.framework; path = System/Library/Frameworks/CoreGraphics.framework; sourceTree = SDKROOT; };
		AEEEE2A1135C6B70000C880A /* CoreData.framework */ = {isa = PBXFileReference; lastKnownFileType = wrapper.framework; name = CoreData.framework; path = System/Library/Frameworks/CoreData.framework; sourceTree = SDKROOT; };
		AEEEE2A5135C6B70000C880A /* iObserve-Info.plist */ = {isa = PBXFileReference; lastKnownFileType = text.plist.xml; path = "iObserve-Info.plist"; sourceTree = "<group>"; };
		AEEEE2A7135C6B70000C880A /* en */ = {isa = PBXFileReference; lastKnownFileType = text.plist.strings; name = en; path = en.lproj/InfoPlist.strings; sourceTree = "<group>"; };
		AEEEE2A9135C6B70000C880A /* iObserve-Prefix.pch */ = {isa = PBXFileReference; lastKnownFileType = sourcecode.c.h; path = "iObserve-Prefix.pch"; sourceTree = "<group>"; };
		AEEEE2AA135C6B70000C880A /* main.m */ = {isa = PBXFileReference; lastKnownFileType = sourcecode.c.objc; path = main.m; sourceTree = "<group>"; };
		AEEEE2AC135C6B70000C880A /* iObserveAppDelegate.h */ = {isa = PBXFileReference; lastKnownFileType = sourcecode.c.h; path = iObserveAppDelegate.h; sourceTree = "<group>"; };
		AEEEE2AD135C6B70000C880A /* iObserveAppDelegate.m */ = {isa = PBXFileReference; lastKnownFileType = sourcecode.c.objc; path = iObserveAppDelegate.m; sourceTree = "<group>"; };
		AEEEE2B0135C6B70000C880A /* en */ = {isa = PBXFileReference; lastKnownFileType = file.xib; name = en; path = en.lproj/MainWindow.xib; sourceTree = "<group>"; };
		AEEEE2B3135C6B70000C880A /* iObserve.xcdatamodel */ = {isa = PBXFileReference; lastKnownFileType = wrapper.xcdatamodel; path = iObserve.xcdatamodel; sourceTree = "<group>"; };
		AEEEE2BA135C6B71000C880A /* iObserveTests.octest */ = {isa = PBXFileReference; explicitFileType = wrapper.cfbundle; includeInIndex = 0; path = iObserveTests.octest; sourceTree = BUILT_PRODUCTS_DIR; };
		AEEEE2C3135C6B71000C880A /* iObserveTests-Info.plist */ = {isa = PBXFileReference; lastKnownFileType = text.plist.xml; path = "iObserveTests-Info.plist"; sourceTree = "<group>"; };
		AEEEE2C5135C6B71000C880A /* en */ = {isa = PBXFileReference; lastKnownFileType = text.plist.strings; name = en; path = en.lproj/InfoPlist.strings; sourceTree = "<group>"; };
		AEEEE2C7135C6B71000C880A /* iObserveTests-Prefix.pch */ = {isa = PBXFileReference; lastKnownFileType = sourcecode.c.h; path = "iObserveTests-Prefix.pch"; sourceTree = "<group>"; };
		AEEEE2C8135C6B71000C880A /* iObserveTests.h */ = {isa = PBXFileReference; lastKnownFileType = sourcecode.c.h; path = iObserveTests.h; sourceTree = "<group>"; };
		AEEEE2CA135C6B71000C880A /* iObserveTests.m */ = {isa = PBXFileReference; lastKnownFileType = sourcecode.c.objc; path = iObserveTests.m; sourceTree = "<group>"; };
/* End PBXFileReference section */

/* Begin PBXFrameworksBuildPhase section */
		AEEEE294135C6B70000C880A /* Frameworks */ = {
			isa = PBXFrameworksBuildPhase;
			buildActionMask = 2147483647;
			files = (
				3201088596B4756681693705 /* libThree20UICommon.a in Frameworks */,
				320D7DCCE32703ACAB9A45E5 /* libThree20.a in Frameworks */,
				320A737074758E53BA54BE95 /* libThree20UINavigator.a in Frameworks */,
				320A2827FEC940B25BC42C65 /* libThree20Core.a in Frameworks */,
				320F2C48872C2E2C4DF86205 /* libThree20UI.a in Frameworks */,
				320AF8492C47A4D819F7C451 /* QuartzCore.framework in Frameworks */,
				320A5A189C235877202780D5 /* libThree20Network.a in Frameworks */,
				320CC833B8AF0ACFD35E6225 /* libThree20Style.a in Frameworks */,
				AEEEE29C135C6B70000C880A /* UIKit.framework in Frameworks */,
				AEEEE29E135C6B70000C880A /* Foundation.framework in Frameworks */,
				AEEEE2A0135C6B70000C880A /* CoreGraphics.framework in Frameworks */,
				AEEEE2A2135C6B70000C880A /* CoreData.framework in Frameworks */,
			);
			runOnlyForDeploymentPostprocessing = 0;
		};
		AEEEE2B6135C6B71000C880A /* Frameworks */ = {
			isa = PBXFrameworksBuildPhase;
			buildActionMask = 2147483647;
			files = (
				AEEEE2BB135C6B71000C880A /* UIKit.framework in Frameworks */,
				AEEEE2BC135C6B71000C880A /* Foundation.framework in Frameworks */,
				AEEEE2BD135C6B71000C880A /* CoreGraphics.framework in Frameworks */,
				AEEEE2BE135C6B71000C880A /* CoreData.framework in Frameworks */,
			);
			runOnlyForDeploymentPostprocessing = 0;
		};
/* End PBXFrameworksBuildPhase section */

/* Begin PBXGroup section */
		3201088596B4756681693703 /* Products */ = {
			isa = PBXGroup;
			children = (
				3201088596B4756681693704 /* libThree20UICommon.a */,
				AEEEE316135C6C99000C880A /* UICommonUnitTests.octest */,
			);
			name = Products;
			sourceTree = "<group>";
		};
		320A2827FEC940B25BC42C63 /* Products */ = {
			isa = PBXGroup;
			children = (
				320A2827FEC940B25BC42C64 /* libThree20Core.a */,
				AEEEE30A135C6C99000C880A /* CoreUnitTests.octest */,
			);
			name = Products;
			sourceTree = "<group>";
		};
		320A5A189C235877202780D3 /* Products */ = {
			isa = PBXGroup;
			children = (
				320A5A189C235877202780D4 /* libThree20Network.a */,
				AEEEE30D135C6C99000C880A /* NetworkUnitTests.octest */,
			);
			name = Products;
			sourceTree = "<group>";
		};
		320A737074758E53BA54BE93 /* Products */ = {
			isa = PBXGroup;
			children = (
				320A737074758E53BA54BE94 /* libThree20UINavigator.a */,
				AEEEE319135C6C99000C880A /* UINavigatorUnitTests.octest */,
			);
			name = Products;
			sourceTree = "<group>";
		};
		320CC833B8AF0ACFD35E6223 /* Products */ = {
			isa = PBXGroup;
			children = (
				320CC833B8AF0ACFD35E6224 /* libThree20Style.a */,
				AEEEE310135C6C99000C880A /* StyleUnitTests.octest */,
			);
			name = Products;
			sourceTree = "<group>";
		};
		320D7DCCE32703ACAB9A45E3 /* Products */ = {
			isa = PBXGroup;
			children = (
				320D7DCCE32703ACAB9A45E4 /* libThree20.a */,
				AEEEE307135C6C99000C880A /* Three20UnitTests.octest */,
			);
			name = Products;
			sourceTree = "<group>";
		};
		320F2C48872C2E2C4DF86203 /* Products */ = {
			isa = PBXGroup;
			children = (
				320F2C48872C2E2C4DF86204 /* libThree20UI.a */,
				AEEEE313135C6C99000C880A /* UIUnitTests.octest */,
			);
			name = Products;
			sourceTree = "<group>";
		};
		AEEEE28C135C6B70000C880A = {
			isa = PBXGroup;
			children = (
				AEEEE2A3135C6B70000C880A /* iObserve */,
				AEEEE2C1135C6B71000C880A /* iObserveTests */,
				AEEEE29A135C6B70000C880A /* Frameworks */,
				AEEEE298135C6B70000C880A /* Products */,
			);
			sourceTree = "<group>";
		};
		AEEEE298135C6B70000C880A /* Products */ = {
			isa = PBXGroup;
			children = (
				AEEEE297135C6B70000C880A /* iObserve.app */,
				AEEEE2BA135C6B71000C880A /* iObserveTests.octest */,
			);
			name = Products;
			sourceTree = "<group>";
		};
		AEEEE29A135C6B70000C880A /* Frameworks */ = {
			isa = PBXGroup;
			children = (
				3201088596B4756681693700 /* Three20UICommon.xcodeproj */,
				320D7DCCE32703ACAB9A45E0 /* Three20.xcodeproj */,
				320A737074758E53BA54BE90 /* Three20UINavigator.xcodeproj */,
				320A2827FEC940B25BC42C60 /* Three20Core.xcodeproj */,
				320F2C48872C2E2C4DF86200 /* Three20UI.xcodeproj */,
				320AF8492C47A4D819F7C450 /* QuartzCore.framework */,
				320A5A189C235877202780D0 /* Three20Network.xcodeproj */,
				320CC833B8AF0ACFD35E6220 /* Three20Style.xcodeproj */,
				AEEEE29B135C6B70000C880A /* UIKit.framework */,
				AEEEE29D135C6B70000C880A /* Foundation.framework */,
				AEEEE29F135C6B70000C880A /* CoreGraphics.framework */,
				AEEEE2A1135C6B70000C880A /* CoreData.framework */,
			);
			name = Frameworks;
			sourceTree = "<group>";
		};
		AEEEE2A3135C6B70000C880A /* iObserve */ = {
			isa = PBXGroup;
			children = (
				AE70E51A135DB52000C05955 /* ImageTest1Controller.h */,
				AE70E51B135DB52000C05955 /* ImageTest1Controller.m */,
				AE70E517135DB3F900C05955 /* RootViewController.h */,
				AE70E518135DB3F900C05955 /* RootViewController.m */,
				AEEEE2AC135C6B70000C880A /* iObserveAppDelegate.h */,
				AEEEE2AD135C6B70000C880A /* iObserveAppDelegate.m */,
				AE1E3C72135E256D00C9643A /* TransparentToolbar.h */,
				AE1E3C73135E256D00C9643A /* TransparentToolbar.m */,
				AEEEE2AF135C6B70000C880A /* MainWindow.xib */,
				AEEEE2B2135C6B70000C880A /* iObserve.xcdatamodeld */,
				AEEEE2A4135C6B70000C880A /* Supporting Files */,
			);
			path = iObserve;
			sourceTree = "<group>";
		};
		AEEEE2A4135C6B70000C880A /* Supporting Files */ = {
			isa = PBXGroup;
			children = (
				320B6C86F11D9990244A9730 /* Three20.bundle */,
				AEEEE2A5135C6B70000C880A /* iObserve-Info.plist */,
				AEEEE2A6135C6B70000C880A /* InfoPlist.strings */,
				AEEEE2A9135C6B70000C880A /* iObserve-Prefix.pch */,
				AEEEE2AA135C6B70000C880A /* main.m */,
			);
			name = "Supporting Files";
			sourceTree = "<group>";
		};
		AEEEE2C1135C6B71000C880A /* iObserveTests */ = {
			isa = PBXGroup;
			children = (
				AEEEE2C8135C6B71000C880A /* iObserveTests.h */,
				AEEEE2CA135C6B71000C880A /* iObserveTests.m */,
				AEEEE2C2135C6B71000C880A /* Supporting Files */,
			);
			path = iObserveTests;
			sourceTree = "<group>";
		};
		AEEEE2C2135C6B71000C880A /* Supporting Files */ = {
			isa = PBXGroup;
			children = (
				AEEEE2C3135C6B71000C880A /* iObserveTests-Info.plist */,
				AEEEE2C4135C6B71000C880A /* InfoPlist.strings */,
				AEEEE2C7135C6B71000C880A /* iObserveTests-Prefix.pch */,
			);
			name = "Supporting Files";
			sourceTree = "<group>";
		};
/* End PBXGroup section */

/* Begin PBXNativeTarget section */
		AEEEE296135C6B70000C880A /* iObserve */ = {
			isa = PBXNativeTarget;
			buildConfigurationList = AEEEE2CE135C6B71000C880A /* Build configuration list for PBXNativeTarget "iObserve" */;
			buildPhases = (
				AEEEE293135C6B70000C880A /* Sources */,
				AEEEE294135C6B70000C880A /* Frameworks */,
				AEEEE295135C6B70000C880A /* Resources */,
			);
			buildRules = (
			);
			dependencies = (
				3201088596B4756681693701 /* PBXTargetDependency */,
				320D7DCCE32703ACAB9A45E1 /* PBXTargetDependency */,
				320A737074758E53BA54BE91 /* PBXTargetDependency */,
				320A2827FEC940B25BC42C61 /* PBXTargetDependency */,
				320F2C48872C2E2C4DF86201 /* PBXTargetDependency */,
				320A5A189C235877202780D1 /* PBXTargetDependency */,
				320CC833B8AF0ACFD35E6221 /* PBXTargetDependency */,
			);
			name = iObserve;
			productName = iObserve;
			productReference = AEEEE297135C6B70000C880A /* iObserve.app */;
			productType = "com.apple.product-type.application";
		};
		AEEEE2B9135C6B71000C880A /* iObserveTests */ = {
			isa = PBXNativeTarget;
			buildConfigurationList = AEEEE2D1135C6B71000C880A /* Build configuration list for PBXNativeTarget "iObserveTests" */;
			buildPhases = (
				AEEEE2B5135C6B71000C880A /* Sources */,
				AEEEE2B6135C6B71000C880A /* Frameworks */,
				AEEEE2B7135C6B71000C880A /* Resources */,
				AEEEE2B8135C6B71000C880A /* ShellScript */,
			);
			buildRules = (
			);
			dependencies = (
				AEEEE2C0135C6B71000C880A /* PBXTargetDependency */,
			);
			name = iObserveTests;
			productName = iObserveTests;
			productReference = AEEEE2BA135C6B71000C880A /* iObserveTests.octest */;
			productType = "com.apple.product-type.bundle";
		};
/* End PBXNativeTarget section */

/* Begin PBXProject section */
		AEEEE28E135C6B70000C880A /* Project object */ = {
			isa = PBXProject;
			buildConfigurationList = AEEEE291135C6B70000C880A /* Build configuration list for PBXProject "iObserve" */;
			compatibilityVersion = "Xcode 3.2";
			developmentRegion = English;
			hasScannedForEncodings = 0;
			knownRegions = (
				en,
			);
			mainGroup = AEEEE28C135C6B70000C880A;
			productRefGroup = AEEEE298135C6B70000C880A /* Products */;
			projectDirPath = "";
			projectReferences = (
				{
					ProductGroup = 320D7DCCE32703ACAB9A45E3 /* Products */;
					ProjectRef = 320D7DCCE32703ACAB9A45E0 /* Three20.xcodeproj */;
				},
				{
					ProductGroup = 320A2827FEC940B25BC42C63 /* Products */;
					ProjectRef = 320A2827FEC940B25BC42C60 /* Three20Core.xcodeproj */;
				},
				{
					ProductGroup = 320A5A189C235877202780D3 /* Products */;
					ProjectRef = 320A5A189C235877202780D0 /* Three20Network.xcodeproj */;
				},
				{
					ProductGroup = 320CC833B8AF0ACFD35E6223 /* Products */;
					ProjectRef = 320CC833B8AF0ACFD35E6220 /* Three20Style.xcodeproj */;
				},
				{
					ProductGroup = 320F2C48872C2E2C4DF86203 /* Products */;
					ProjectRef = 320F2C48872C2E2C4DF86200 /* Three20UI.xcodeproj */;
				},
				{
					ProductGroup = 3201088596B4756681693703 /* Products */;
					ProjectRef = 3201088596B4756681693700 /* Three20UICommon.xcodeproj */;
				},
				{
					ProductGroup = 320A737074758E53BA54BE93 /* Products */;
					ProjectRef = 320A737074758E53BA54BE90 /* Three20UINavigator.xcodeproj */;
				},
			);
			projectRoot = "";
			targets = (
				AEEEE296135C6B70000C880A /* iObserve */,
				AEEEE2B9135C6B71000C880A /* iObserveTests */,
			);
		};
/* End PBXProject section */

/* Begin PBXReferenceProxy section */
		3201088596B4756681693704 /* libThree20UICommon.a */ = {
			isa = PBXReferenceProxy;
			fileType = archive.ar;
			path = libThree20UICommon.a;
			remoteRef = 3201088596B4756681693706 /* PBXContainerItemProxy */;
			sourceTree = BUILT_PRODUCTS_DIR;
		};
		320A2827FEC940B25BC42C64 /* libThree20Core.a */ = {
			isa = PBXReferenceProxy;
			fileType = archive.ar;
			path = libThree20Core.a;
			remoteRef = 320A2827FEC940B25BC42C66 /* PBXContainerItemProxy */;
			sourceTree = BUILT_PRODUCTS_DIR;
		};
		320A5A189C235877202780D4 /* libThree20Network.a */ = {
			isa = PBXReferenceProxy;
			fileType = archive.ar;
			path = libThree20Network.a;
			remoteRef = 320A5A189C235877202780D6 /* PBXContainerItemProxy */;
			sourceTree = BUILT_PRODUCTS_DIR;
		};
		320A737074758E53BA54BE94 /* libThree20UINavigator.a */ = {
			isa = PBXReferenceProxy;
			fileType = archive.ar;
			path = libThree20UINavigator.a;
			remoteRef = 320A737074758E53BA54BE96 /* PBXContainerItemProxy */;
			sourceTree = BUILT_PRODUCTS_DIR;
		};
		320CC833B8AF0ACFD35E6224 /* libThree20Style.a */ = {
			isa = PBXReferenceProxy;
			fileType = archive.ar;
			path = libThree20Style.a;
			remoteRef = 320CC833B8AF0ACFD35E6226 /* PBXContainerItemProxy */;
			sourceTree = BUILT_PRODUCTS_DIR;
		};
		320D7DCCE32703ACAB9A45E4 /* libThree20.a */ = {
			isa = PBXReferenceProxy;
			fileType = archive.ar;
			path = libThree20.a;
			remoteRef = 320D7DCCE32703ACAB9A45E6 /* PBXContainerItemProxy */;
			sourceTree = BUILT_PRODUCTS_DIR;
		};
		320F2C48872C2E2C4DF86204 /* libThree20UI.a */ = {
			isa = PBXReferenceProxy;
			fileType = archive.ar;
			path = libThree20UI.a;
			remoteRef = 320F2C48872C2E2C4DF86206 /* PBXContainerItemProxy */;
			sourceTree = BUILT_PRODUCTS_DIR;
		};
		AEEEE307135C6C99000C880A /* Three20UnitTests.octest */ = {
			isa = PBXReferenceProxy;
			fileType = wrapper.cfbundle;
			path = Three20UnitTests.octest;
			remoteRef = AEEEE306135C6C99000C880A /* PBXContainerItemProxy */;
			sourceTree = BUILT_PRODUCTS_DIR;
		};
		AEEEE30A135C6C99000C880A /* CoreUnitTests.octest */ = {
			isa = PBXReferenceProxy;
			fileType = wrapper.cfbundle;
			path = CoreUnitTests.octest;
			remoteRef = AEEEE309135C6C99000C880A /* PBXContainerItemProxy */;
			sourceTree = BUILT_PRODUCTS_DIR;
		};
		AEEEE30D135C6C99000C880A /* NetworkUnitTests.octest */ = {
			isa = PBXReferenceProxy;
			fileType = wrapper.cfbundle;
			path = NetworkUnitTests.octest;
			remoteRef = AEEEE30C135C6C99000C880A /* PBXContainerItemProxy */;
			sourceTree = BUILT_PRODUCTS_DIR;
		};
		AEEEE310135C6C99000C880A /* StyleUnitTests.octest */ = {
			isa = PBXReferenceProxy;
			fileType = wrapper.cfbundle;
			path = StyleUnitTests.octest;
			remoteRef = AEEEE30F135C6C99000C880A /* PBXContainerItemProxy */;
			sourceTree = BUILT_PRODUCTS_DIR;
		};
		AEEEE313135C6C99000C880A /* UIUnitTests.octest */ = {
			isa = PBXReferenceProxy;
			fileType = wrapper.cfbundle;
			path = UIUnitTests.octest;
			remoteRef = AEEEE312135C6C99000C880A /* PBXContainerItemProxy */;
			sourceTree = BUILT_PRODUCTS_DIR;
		};
		AEEEE316135C6C99000C880A /* UICommonUnitTests.octest */ = {
			isa = PBXReferenceProxy;
			fileType = wrapper.cfbundle;
			path = UICommonUnitTests.octest;
			remoteRef = AEEEE315135C6C99000C880A /* PBXContainerItemProxy */;
			sourceTree = BUILT_PRODUCTS_DIR;
		};
		AEEEE319135C6C99000C880A /* UINavigatorUnitTests.octest */ = {
			isa = PBXReferenceProxy;
			fileType = wrapper.cfbundle;
			path = UINavigatorUnitTests.octest;
			remoteRef = AEEEE318135C6C99000C880A /* PBXContainerItemProxy */;
			sourceTree = BUILT_PRODUCTS_DIR;
		};
/* End PBXReferenceProxy section */

/* Begin PBXResourcesBuildPhase section */
		AEEEE295135C6B70000C880A /* Resources */ = {
			isa = PBXResourcesBuildPhase;
			buildActionMask = 2147483647;
			files = (
				320B6C86F11D9990244A9731 /* Three20.bundle in Resources */,
				AEEEE2A8135C6B70000C880A /* InfoPlist.strings in Resources */,
				AEEEE2B1135C6B70000C880A /* MainWindow.xib in Resources */,
			);
			runOnlyForDeploymentPostprocessing = 0;
		};
		AEEEE2B7135C6B71000C880A /* Resources */ = {
			isa = PBXResourcesBuildPhase;
			buildActionMask = 2147483647;
			files = (
				AEEEE2C6135C6B71000C880A /* InfoPlist.strings in Resources */,
				AEEEE2C9135C6B71000C880A /* iObserveTests.h in Resources */,
			);
			runOnlyForDeploymentPostprocessing = 0;
		};
/* End PBXResourcesBuildPhase section */

/* Begin PBXShellScriptBuildPhase section */
		AEEEE2B8135C6B71000C880A /* ShellScript */ = {
			isa = PBXShellScriptBuildPhase;
			buildActionMask = 2147483647;
			files = (
			);
			inputPaths = (
			);
			outputPaths = (
			);
			runOnlyForDeploymentPostprocessing = 0;
			shellPath = /bin/sh;
			shellScript = "# Run the unit tests in this test bundle.\n\"${SYSTEM_DEVELOPER_DIR}/Tools/RunUnitTests\"\n";
		};
/* End PBXShellScriptBuildPhase section */

/* Begin PBXSourcesBuildPhase section */
		AEEEE293135C6B70000C880A /* Sources */ = {
			isa = PBXSourcesBuildPhase;
			buildActionMask = 2147483647;
			files = (
				AEEEE2AB135C6B70000C880A /* main.m in Sources */,
				AEEEE2AE135C6B70000C880A /* iObserveAppDelegate.m in Sources */,
				AEEEE2B4135C6B70000C880A /* iObserve.xcdatamodeld in Sources */,
				AE70E519135DB3F900C05955 /* RootViewController.m in Sources */,
				AE70E51C135DB52000C05955 /* ImageTest1Controller.m in Sources */,
				AE1E3C74135E256D00C9643A /* TransparentToolbar.m in Sources */,
			);
			runOnlyForDeploymentPostprocessing = 0;
		};
		AEEEE2B5135C6B71000C880A /* Sources */ = {
			isa = PBXSourcesBuildPhase;
			buildActionMask = 2147483647;
			files = (
				AEEEE2CB135C6B71000C880A /* iObserveTests.m in Sources */,
			);
			runOnlyForDeploymentPostprocessing = 0;
		};
/* End PBXSourcesBuildPhase section */

/* Begin PBXTargetDependency section */
		3201088596B4756681693701 /* PBXTargetDependency */ = {
			isa = PBXTargetDependency;
			name = Three20UICommon;
			targetProxy = 3201088596B4756681693702 /* PBXContainerItemProxy */;
		};
		320A2827FEC940B25BC42C61 /* PBXTargetDependency */ = {
			isa = PBXTargetDependency;
			name = Three20Core;
			targetProxy = 320A2827FEC940B25BC42C62 /* PBXContainerItemProxy */;
		};
		320A5A189C235877202780D1 /* PBXTargetDependency */ = {
			isa = PBXTargetDependency;
			name = Three20Network;
			targetProxy = 320A5A189C235877202780D2 /* PBXContainerItemProxy */;
		};
		320A737074758E53BA54BE91 /* PBXTargetDependency */ = {
			isa = PBXTargetDependency;
			name = Three20UINavigator;
			targetProxy = 320A737074758E53BA54BE92 /* PBXContainerItemProxy */;
		};
		320CC833B8AF0ACFD35E6221 /* PBXTargetDependency */ = {
			isa = PBXTargetDependency;
			name = Three20Style;
			targetProxy = 320CC833B8AF0ACFD35E6222 /* PBXContainerItemProxy */;
		};
		320D7DCCE32703ACAB9A45E1 /* PBXTargetDependency */ = {
			isa = PBXTargetDependency;
			name = Three20;
			targetProxy = 320D7DCCE32703ACAB9A45E2 /* PBXContainerItemProxy */;
		};
		320F2C48872C2E2C4DF86201 /* PBXTargetDependency */ = {
			isa = PBXTargetDependency;
			name = Three20UI;
			targetProxy = 320F2C48872C2E2C4DF86202 /* PBXContainerItemProxy */;
		};
		AEEEE2C0135C6B71000C880A /* PBXTargetDependency */ = {
			isa = PBXTargetDependency;
			target = AEEEE296135C6B70000C880A /* iObserve */;
			targetProxy = AEEEE2BF135C6B71000C880A /* PBXContainerItemProxy */;
		};
/* End PBXTargetDependency section */

/* Begin PBXVariantGroup section */
		AEEEE2A6135C6B70000C880A /* InfoPlist.strings */ = {
			isa = PBXVariantGroup;
			children = (
				AEEEE2A7135C6B70000C880A /* en */,
			);
			name = InfoPlist.strings;
			sourceTree = "<group>";
		};
		AEEEE2AF135C6B70000C880A /* MainWindow.xib */ = {
			isa = PBXVariantGroup;
			children = (
				AEEEE2B0135C6B70000C880A /* en */,
			);
			name = MainWindow.xib;
			sourceTree = "<group>";
		};
		AEEEE2C4135C6B71000C880A /* InfoPlist.strings */ = {
			isa = PBXVariantGroup;
			children = (
				AEEEE2C5135C6B71000C880A /* en */,
			);
			name = InfoPlist.strings;
			sourceTree = "<group>";
		};
/* End PBXVariantGroup section */

/* Begin XCBuildConfiguration section */
		AEEEE2CC135C6B71000C880A /* Debug */ = {
			isa = XCBuildConfiguration;
			buildSettings = {
				ARCHS = "$(ARCHS_UNIVERSAL_IPHONE_OS)";
				"CODE_SIGN_IDENTITY[sdk=iphoneos*]" = "iPhone Developer";
				GCC_C_LANGUAGE_STANDARD = gnu99;
				GCC_OPTIMIZATION_LEVEL = 0;
				GCC_PREPROCESSOR_DEFINITIONS = DEBUG;
				GCC_SYMBOLS_PRIVATE_EXTERN = NO;
				GCC_VERSION = com.apple.compilers.llvm.clang.1_0;
				GCC_WARN_ABOUT_RETURN_TYPE = YES;
				GCC_WARN_UNUSED_VARIABLE = YES;
				HEADER_SEARCH_PATHS = (
					"$(BUILT_PRODUCTS_DIR)/../three20",
					"$(BUILT_PRODUCTS_DIR)/../../three20",
					../three20/Build/Products/three20,
				);
				IPHONEOS_DEPLOYMENT_TARGET = 4.3;
				OTHER_LDFLAGS = "-ObjC";
				SDKROOT = iphoneos;
				TARGETED_DEVICE_FAMILY = 2;
			};
			name = Debug;
		};
		AEEEE2CD135C6B71000C880A /* Release */ = {
			isa = XCBuildConfiguration;
			buildSettings = {
				ARCHS = "$(ARCHS_UNIVERSAL_IPHONE_OS)";
				"CODE_SIGN_IDENTITY[sdk=iphoneos*]" = "iPhone Developer";
				GCC_C_LANGUAGE_STANDARD = gnu99;
				GCC_VERSION = com.apple.compilers.llvm.clang.1_0;
				GCC_WARN_ABOUT_RETURN_TYPE = YES;
				GCC_WARN_UNUSED_VARIABLE = YES;
				HEADER_SEARCH_PATHS = (
					"$(BUILT_PRODUCTS_DIR)/../three20",
					"$(BUILT_PRODUCTS_DIR)/../../three20",
					../three20/Build/Products/three20,
				);
				IPHONEOS_DEPLOYMENT_TARGET = 4.3;
				OTHER_CFLAGS = "-DNS_BLOCK_ASSERTIONS=1";
				OTHER_LDFLAGS = "-ObjC";
				SDKROOT = iphoneos;
				TARGETED_DEVICE_FAMILY = 2;
			};
			name = Release;
		};
		AEEEE2CF135C6B71000C880A /* Debug */ = {
			isa = XCBuildConfiguration;
			buildSettings = {
				ALWAYS_SEARCH_USER_PATHS = NO;
				COPY_PHASE_STRIP = NO;
				GCC_DYNAMIC_NO_PIC = NO;
				GCC_PRECOMPILE_PREFIX_HEADER = YES;
				GCC_PREFIX_HEADER = "iObserve/iObserve-Prefix.pch";
				INFOPLIST_FILE = "iObserve/iObserve-Info.plist";
				PRODUCT_NAME = "$(TARGET_NAME)";
				WRAPPER_EXTENSION = app;
			};
			name = Debug;
		};
		AEEEE2D0135C6B71000C880A /* Release */ = {
			isa = XCBuildConfiguration;
			buildSettings = {
				ALWAYS_SEARCH_USER_PATHS = NO;
				COPY_PHASE_STRIP = YES;
				GCC_PRECOMPILE_PREFIX_HEADER = YES;
				GCC_PREFIX_HEADER = "iObserve/iObserve-Prefix.pch";
				INFOPLIST_FILE = "iObserve/iObserve-Info.plist";
				PRODUCT_NAME = "$(TARGET_NAME)";
				VALIDATE_PRODUCT = YES;
				WRAPPER_EXTENSION = app;
			};
			name = Release;
		};
		AEEEE2D2135C6B71000C880A /* Debug */ = {
			isa = XCBuildConfiguration;
			buildSettings = {
				ALWAYS_SEARCH_USER_PATHS = NO;
				ARCHS = "$(ARCHS_STANDARD_32_BIT)";
				BUNDLE_LOADER = "$(BUILT_PRODUCTS_DIR)/iObserve.app/iObserve";
				FRAMEWORK_SEARCH_PATHS = (
					"$(SDKROOT)/Developer/Library/Frameworks",
					"$(DEVELOPER_LIBRARY_DIR)/Frameworks",
				);
				GCC_PRECOMPILE_PREFIX_HEADER = YES;
				GCC_PREFIX_HEADER = "iObserveTests/iObserveTests-Prefix.pch";
				INFOPLIST_FILE = "iObserveTests/iObserveTests-Info.plist";
				OTHER_LDFLAGS = (
					"-framework",
					SenTestingKit,
				);
				PRODUCT_NAME = "$(TARGET_NAME)";
				TEST_HOST = "$(BUNDLE_LOADER)";
				WRAPPER_EXTENSION = octest;
			};
			name = Debug;
		};
		AEEEE2D3135C6B71000C880A /* Release */ = {
			isa = XCBuildConfiguration;
			buildSettings = {
				ALWAYS_SEARCH_USER_PATHS = NO;
				ARCHS = "$(ARCHS_STANDARD_32_BIT)";
				BUNDLE_LOADER = "$(BUILT_PRODUCTS_DIR)/iObserve.app/iObserve";
				FRAMEWORK_SEARCH_PATHS = (
					"$(SDKROOT)/Developer/Library/Frameworks",
					"$(DEVELOPER_LIBRARY_DIR)/Frameworks",
				);
				GCC_PRECOMPILE_PREFIX_HEADER = YES;
				GCC_PREFIX_HEADER = "iObserveTests/iObserveTests-Prefix.pch";
				INFOPLIST_FILE = "iObserveTests/iObserveTests-Info.plist";
				OTHER_LDFLAGS = (
					"-framework",
					SenTestingKit,
				);
				PRODUCT_NAME = "$(TARGET_NAME)";
				TEST_HOST = "$(BUNDLE_LOADER)";
				WRAPPER_EXTENSION = octest;
			};
			name = Release;
		};
/* End XCBuildConfiguration section */

/* Begin XCConfigurationList section */
		AEEEE291135C6B70000C880A /* Build configuration list for PBXProject "iObserve" */ = {
			isa = XCConfigurationList;
			buildConfigurations = (
				AEEEE2CC135C6B71000C880A /* Debug */,
				AEEEE2CD135C6B71000C880A /* Release */,
			);
			defaultConfigurationIsVisible = 0;
			defaultConfigurationName = Release;
		};
		AEEEE2CE135C6B71000C880A /* Build configuration list for PBXNativeTarget "iObserve" */ = {
			isa = XCConfigurationList;
			buildConfigurations = (
				AEEEE2CF135C6B71000C880A /* Debug */,
				AEEEE2D0135C6B71000C880A /* Release */,
			);
			defaultConfigurationIsVisible = 0;
			defaultConfigurationName = Release;
		};
		AEEEE2D1135C6B71000C880A /* Build configuration list for PBXNativeTarget "iObserveTests" */ = {
			isa = XCConfigurationList;
			buildConfigurations = (
				AEEEE2D2135C6B71000C880A /* Debug */,
				AEEEE2D3135C6B71000C880A /* Release */,
			);
			defaultConfigurationIsVisible = 0;
			defaultConfigurationName = Release;
		};
/* End XCConfigurationList section */

/* Begin XCVersionGroup section */
		AEEEE2B2135C6B70000C880A /* iObserve.xcdatamodeld */ = {
			isa = XCVersionGroup;
			children = (
				AEEEE2B3135C6B70000C880A /* iObserve.xcdatamodel */,
			);
			currentVersion = AEEEE2B3135C6B70000C880A /* iObserve.xcdatamodel */;
			path = iObserve.xcdatamodeld;
			sourceTree = "<group>";
			versionGroupType = wrapper.xcdatamodel;
		};
/* End XCVersionGroup section */
	};
	rootObject = AEEEE28E135C6B70000C880A /* Project object */;
}
